
Microsoft Visual Studio Solution File, Format Version 12.00
# Visual Studio Version 17
VisualStudioVersion = 17.5.33424.131
MinimumVisualStudioVersion = 10.0.40219.1
Project("{2150E333-8FDC-42A3-9474-1A3956D46DE8}") = "Solution", "Solution", "{71BAF847-E387-47A9-8B67-CF7F915E23B4}"
	ProjectSection(SolutionItems) = preProject
		CHANGELOG.md = CHANGELOG.md
		Directory.Build.props = Directory.Build.props
		README.md = README.md
	EndProjectSection
EndProject
Project("{9A19103F-16F7-4668-BE54-9A1E7A4F7556}") = "Build", "Build\Build.csproj", "{595F0BE9-3F26-40AA-BBEF-992BC1D377F6}"
EndProject
Project("{9A19103F-16F7-4668-BE54-9A1E7A4F7556}") = "RevitAddin.PackageBuilder.Example", "RevitAddin.PackageBuilder.Example\RevitAddin.PackageBuilder.Example.csproj", "{D2797A34-4696-490D-A97A-C17AFB5F0225}"
EndProject
Project("{FAE04EC0-301F-11D3-BF4B-00C04F79EFBC}") = "Sofanium.Nuke.PackageBuilder.Tests", "Sofanium.Nuke.PackageBuilder.Tests\Sofanium.Nuke.PackageBuilder.Tests.csproj", "{19EAF91F-742D-42CD-B8EA-6C083A18ABEE}"
EndProject
Project("{FAE04EC0-301F-11D3-BF4B-00C04F79EFBC}") = "Sofanium.Nuke.PackageBuilder", "Sofanium.Nuke.PackageBuilder\Sofanium.Nuke.PackageBuilder.csproj", "{A46D6203-D305-4ABB-A029-1A7045CFE1B6}"
EndProject
Project("{FAE04EC0-301F-11D3-BF4B-00C04F79EFBC}") = "Sofanium.Nuke", "Sofanium.Nuke\Sofanium.Nuke\Sofanium.Nuke.csproj", "{20F5CDA8-A6FB-4D47-A24C-BD187129357A}"
EndProject
Global
	GlobalSection(SolutionConfigurationPlatforms) = preSolution
		2017|Any CPU = 2017|Any CPU
		2019|Any CPU = 2019|Any CPU
		2020|Any CPU = 2020|Any CPU
		2021|Any CPU = 2021|Any CPU
		2022|Any CPU = 2022|Any CPU
		2023|Any CPU = 2023|Any CPU
		2025|Any CPU = 2025|Any CPU
		Debug|Any CPU = Debug|Any CPU
		Release|Any CPU = Release|Any CPU
	EndGlobalSection
	GlobalSection(ProjectConfigurationPlatforms) = postSolution
		{595F0BE9-3F26-40AA-BBEF-992BC1D377F6}.2017|Any CPU.ActiveCfg = Release|Any CPU
		{595F0BE9-3F26-40AA-BBEF-992BC1D377F6}.2019|Any CPU.ActiveCfg = Release|Any CPU
		{595F0BE9-3F26-40AA-BBEF-992BC1D377F6}.2020|Any CPU.ActiveCfg = Release|Any CPU
		{595F0BE9-3F26-40AA-BBEF-992BC1D377F6}.2021|Any CPU.ActiveCfg = Release|Any CPU
		{595F0BE9-3F26-40AA-BBEF-992BC1D377F6}.2022|Any CPU.ActiveCfg = Release|Any CPU
		{595F0BE9-3F26-40AA-BBEF-992BC1D377F6}.2023|Any CPU.ActiveCfg = Release|Any CPU
		{595F0BE9-3F26-40AA-BBEF-992BC1D377F6}.2025|Any CPU.ActiveCfg = Debug|Any CPU
		{595F0BE9-3F26-40AA-BBEF-992BC1D377F6}.Debug|Any CPU.ActiveCfg = Debug|Any CPU
		{595F0BE9-3F26-40AA-BBEF-992BC1D377F6}.Release|Any CPU.ActiveCfg = Release|Any CPU
		{D2797A34-4696-490D-A97A-C17AFB5F0225}.2017|Any CPU.ActiveCfg = 2017|Any CPU
		{D2797A34-4696-490D-A97A-C17AFB5F0225}.2017|Any CPU.Build.0 = 2017|Any CPU
		{D2797A34-4696-490D-A97A-C17AFB5F0225}.2019|Any CPU.ActiveCfg = 2019|Any CPU
		{D2797A34-4696-490D-A97A-C17AFB5F0225}.2019|Any CPU.Build.0 = 2019|Any CPU
		{D2797A34-4696-490D-A97A-C17AFB5F0225}.2020|Any CPU.ActiveCfg = 2020|Any CPU
		{D2797A34-4696-490D-A97A-C17AFB5F0225}.2020|Any CPU.Build.0 = 2020|Any CPU
		{D2797A34-4696-490D-A97A-C17AFB5F0225}.2021|Any CPU.ActiveCfg = 2021|Any CPU
		{D2797A34-4696-490D-A97A-C17AFB5F0225}.2021|Any CPU.Build.0 = 2021|Any CPU
		{D2797A34-4696-490D-A97A-C17AFB5F0225}.2022|Any CPU.ActiveCfg = 2022|Any CPU
		{D2797A34-4696-490D-A97A-C17AFB5F0225}.2022|Any CPU.Build.0 = 2022|Any CPU
		{D2797A34-4696-490D-A97A-C17AFB5F0225}.2023|Any CPU.ActiveCfg = 2023|Any CPU
		{D2797A34-4696-490D-A97A-C17AFB5F0225}.2023|Any CPU.Build.0 = 2023|Any CPU
		{D2797A34-4696-490D-A97A-C17AFB5F0225}.2025|Any CPU.ActiveCfg = 2025|Any CPU
		{D2797A34-4696-490D-A97A-C17AFB5F0225}.2025|Any CPU.Build.0 = 2025|Any CPU
		{D2797A34-4696-490D-A97A-C17AFB5F0225}.Debug|Any CPU.ActiveCfg = Debug 2019|Any CPU
		{D2797A34-4696-490D-A97A-C17AFB5F0225}.Debug|Any CPU.Build.0 = Debug 2019|Any CPU
		{D2797A34-4696-490D-A97A-C17AFB5F0225}.Release|Any CPU.ActiveCfg = Debug 2019|Any CPU
		{19EAF91F-742D-42CD-B8EA-6C083A18ABEE}.2017|Any CPU.ActiveCfg = Debug|Any CPU
		{19EAF91F-742D-42CD-B8EA-6C083A18ABEE}.2017|Any CPU.Build.0 = Debug|Any CPU
		{19EAF91F-742D-42CD-B8EA-6C083A18ABEE}.2019|Any CPU.ActiveCfg = Debug|Any CPU
		{19EAF91F-742D-42CD-B8EA-6C083A18ABEE}.2019|Any CPU.Build.0 = Debug|Any CPU
		{19EAF91F-742D-42CD-B8EA-6C083A18ABEE}.2020|Any CPU.ActiveCfg = Debug|Any CPU
		{19EAF91F-742D-42CD-B8EA-6C083A18ABEE}.2020|Any CPU.Build.0 = Debug|Any CPU
		{19EAF91F-742D-42CD-B8EA-6C083A18ABEE}.2021|Any CPU.ActiveCfg = Debug|Any CPU
		{19EAF91F-742D-42CD-B8EA-6C083A18ABEE}.2021|Any CPU.Build.0 = Debug|Any CPU
		{19EAF91F-742D-42CD-B8EA-6C083A18ABEE}.2022|Any CPU.ActiveCfg = Debug|Any CPU
		{19EAF91F-742D-42CD-B8EA-6C083A18ABEE}.2022|Any CPU.Build.0 = Debug|Any CPU
		{19EAF91F-742D-42CD-B8EA-6C083A18ABEE}.2023|Any CPU.ActiveCfg = Debug|Any CPU
		{19EAF91F-742D-42CD-B8EA-6C083A18ABEE}.2023|Any CPU.Build.0 = Debug|Any CPU
		{19EAF91F-742D-42CD-B8EA-6C083A18ABEE}.2025|Any CPU.ActiveCfg = Debug|Any CPU
		{19EAF91F-742D-42CD-B8EA-6C083A18ABEE}.2025|Any CPU.Build.0 = Debug|Any CPU
		{19EAF91F-742D-42CD-B8EA-6C083A18ABEE}.Debug|Any CPU.ActiveCfg = Debug|Any CPU
		{19EAF91F-742D-42CD-B8EA-6C083A18ABEE}.Debug|Any CPU.Build.0 = Debug|Any CPU
		{19EAF91F-742D-42CD-B8EA-6C083A18ABEE}.Release|Any CPU.ActiveCfg = Release|Any CPU
		{19EAF91F-742D-42CD-B8EA-6C083A18ABEE}.Release|Any CPU.Build.0 = Release|Any CPU
		{A46D6203-D305-4ABB-A029-1A7045CFE1B6}.2017|Any CPU.ActiveCfg = Debug|Any CPU
		{A46D6203-D305-4ABB-A029-1A7045CFE1B6}.2017|Any CPU.Build.0 = Debug|Any CPU
		{A46D6203-D305-4ABB-A029-1A7045CFE1B6}.2019|Any CPU.ActiveCfg = Debug|Any CPU
		{A46D6203-D305-4ABB-A029-1A7045CFE1B6}.2019|Any CPU.Build.0 = Debug|Any CPU
		{A46D6203-D305-4ABB-A029-1A7045CFE1B6}.2020|Any CPU.ActiveCfg = Debug|Any CPU
		{A46D6203-D305-4ABB-A029-1A7045CFE1B6}.2020|Any CPU.Build.0 = Debug|Any CPU
		{A46D6203-D305-4ABB-A029-1A7045CFE1B6}.2021|Any CPU.ActiveCfg = Debug|Any CPU
		{A46D6203-D305-4ABB-A029-1A7045CFE1B6}.2021|Any CPU.Build.0 = Debug|Any CPU
		{A46D6203-D305-4ABB-A029-1A7045CFE1B6}.2022|Any CPU.ActiveCfg = Debug|Any CPU
		{A46D6203-D305-4ABB-A029-1A7045CFE1B6}.2022|Any CPU.Build.0 = Debug|Any CPU
		{A46D6203-D305-4ABB-A029-1A7045CFE1B6}.2023|Any CPU.ActiveCfg = Debug|Any CPU
		{A46D6203-D305-4ABB-A029-1A7045CFE1B6}.2023|Any CPU.Build.0 = Debug|Any CPU
		{A46D6203-D305-4ABB-A029-1A7045CFE1B6}.2025|Any CPU.ActiveCfg = Debug|Any CPU
		{A46D6203-D305-4ABB-A029-1A7045CFE1B6}.2025|Any CPU.Build.0 = Debug|Any CPU
		{A46D6203-D305-4ABB-A029-1A7045CFE1B6}.Debug|Any CPU.ActiveCfg = Debug|Any CPU
		{A46D6203-D305-4ABB-A029-1A7045CFE1B6}.Debug|Any CPU.Build.0 = Debug|Any CPU
		{A46D6203-D305-4ABB-A029-1A7045CFE1B6}.Release|Any CPU.ActiveCfg = Release|Any CPU
		{A46D6203-D305-4ABB-A029-1A7045CFE1B6}.Release|Any CPU.Build.0 = Release|Any CPU
		{20F5CDA8-A6FB-4D47-A24C-BD187129357A}.2017|Any CPU.ActiveCfg = Debug|Any CPU
		{20F5CDA8-A6FB-4D47-A24C-BD187129357A}.2017|Any CPU.Build.0 = Debug|Any CPU
		{20F5CDA8-A6FB-4D47-A24C-BD187129357A}.2019|Any CPU.ActiveCfg = Debug|Any CPU
		{20F5CDA8-A6FB-4D47-A24C-BD187129357A}.2019|Any CPU.Build.0 = Debug|Any CPU
		{20F5CDA8-A6FB-4D47-A24C-BD187129357A}.2020|Any CPU.ActiveCfg = Debug|Any CPU
		{20F5CDA8-A6FB-4D47-A24C-BD187129357A}.2020|Any CPU.Build.0 = Debug|Any CPU
		{20F5CDA8-A6FB-4D47-A24C-BD187129357A}.2021|Any CPU.ActiveCfg = Debug|Any CPU
		{20F5CDA8-A6FB-4D47-A24C-BD187129357A}.2021|Any CPU.Build.0 = Debug|Any CPU
		{20F5CDA8-A6FB-4D47-A24C-BD187129357A}.2022|Any CPU.ActiveCfg = Debug|Any CPU
		{20F5CDA8-A6FB-4D47-A24C-BD187129357A}.2022|Any CPU.Build.0 = Debug|Any CPU
		{20F5CDA8-A6FB-4D47-A24C-BD187129357A}.2023|Any CPU.ActiveCfg = Debug|Any CPU
		{20F5CDA8-A6FB-4D47-A24C-BD187129357A}.2023|Any CPU.Build.0 = Debug|Any CPU
		{20F5CDA8-A6FB-4D47-A24C-BD187129357A}.2025|Any CPU.ActiveCfg = Debug|Any CPU
		{20F5CDA8-A6FB-4D47-A24C-BD187129357A}.2025|Any CPU.Build.0 = Debug|Any CPU
		{20F5CDA8-A6FB-4D47-A24C-BD187129357A}.Debug|Any CPU.ActiveCfg = Debug|Any CPU
		{20F5CDA8-A6FB-4D47-A24C-BD187129357A}.Debug|Any CPU.Build.0 = Debug|Any CPU
		{20F5CDA8-A6FB-4D47-A24C-BD187129357A}.Release|Any CPU.ActiveCfg = Release|Any CPU
		{20F5CDA8-A6FB-4D47-A24C-BD187129357A}.Release|Any CPU.Build.0 = Release|Any CPU
	EndGlobalSection
	GlobalSection(SolutionProperties) = preSolution
		HideSolutionNode = FALSE
	EndGlobalSection
	GlobalSection(ExtensibilityGlobals) = postSolution
		SolutionGuid = {B103D465-1E31-4E7D-9D2D-F599D87E11F1}
	EndGlobalSection
EndGlobal
